
Microsoft Visual Studio Solution File, Format Version 12.00
# Visual Studio Version 16
VisualStudioVersion = 16.0.30104.148
MinimumVisualStudioVersion = 10.0.40219.1
Project("{9092AA53-FB77-4645-B42D-1CCCA6BD08BD}") = "insert", "insert\insert.njsproj", "{17BBB6F3-F162-4A05-AAB0-0B16FB38E4CF}"
EndProject
Global
	GlobalSection(SolutionConfigurationPlatforms) = preSolution
		Debug|Any CPU = Debug|Any CPU
		Release|Any CPU = Release|Any CPU
	EndGlobalSection
	GlobalSection(ProjectConfigurationPlatforms) = postSolution
		{17BBB6F3-F162-4A05-AAB0-0B16FB38E4CF}.Debug|Any CPU.ActiveCfg = Debug|Any CPU
		{17BBB6F3-F162-4A05-AAB0-0B16FB38E4CF}.Debug|Any CPU.Build.0 = Debug|Any CPU
		{17BBB6F3-F162-4A05-AAB0-0B16FB38E4CF}.Release|Any CPU.ActiveCfg = Release|Any CPU
		{17BBB6F3-F162-4A05-AAB0-0B16FB38E4CF}.Release|Any CPU.Build.0 = Release|Any CPU
	EndGlobalSection
	GlobalSection(SolutionProperties) = preSolution
		HideSolutionNode = FALSE
	EndGlobalSection
	GlobalSection(ExtensibilityGlobals) = postSolution
		SolutionGuid = {A2E29952-EB5F-4CE8-A283-69B2BF538942}
	EndGlobalSection
EndGlobal
